
Microsoft Visual Studio Solution File, Format Version 12.00
# Visual Studio Version 16
VisualStudioVersion = 16.0.31229.75
MinimumVisualStudioVersion = 10.0.40219.1
Project("{9A19103F-16F7-4668-BE54-9A1E7A4F7556}") = "RhuSettings", "RhuSettings.csproj", "{DD22EBB4-697A-466A-B8B2-4A0EF90923FF}"
EndProject
Project("{FAE04EC0-301F-11D3-BF4B-00C04F79EFBC}") = "Tester", "..\Tester\Tester.csproj", "{807F93A3-92C1-45BD-89E1-CCAFB2C250F3}"
EndProject
Global
	GlobalSection(SolutionConfigurationPlatforms) = preSolution
		Debug|Any CPU = Debug|Any CPU
		Release|Any CPU = Release|Any CPU
	EndGlobalSection
	GlobalSection(ProjectConfigurationPlatforms) = postSolution
		{DD22EBB4-697A-466A-B8B2-4A0EF90923FF}.Debug|Any CPU.ActiveCfg = Debug|Any CPU
		{DD22EBB4-697A-466A-B8B2-4A0EF90923FF}.Debug|Any CPU.Build.0 = Debug|Any CPU
		{DD22EBB4-697A-466A-B8B2-4A0EF90923FF}.Release|Any CPU.ActiveCfg = Release|Any CPU
		{DD22EBB4-697A-466A-B8B2-4A0EF90923FF}.Release|Any CPU.Build.0 = Release|Any CPU
		{807F93A3-92C1-45BD-89E1-CCAFB2C250F3}.Debug|Any CPU.ActiveCfg = Debug|Any CPU
		{807F93A3-92C1-45BD-89E1-CCAFB2C250F3}.Debug|Any CPU.Build.0 = Debug|Any CPU
		{807F93A3-92C1-45BD-89E1-CCAFB2C250F3}.Release|Any CPU.ActiveCfg = Release|Any CPU
		{807F93A3-92C1-45BD-89E1-CCAFB2C250F3}.Release|Any CPU.Build.0 = Release|Any CPU
	EndGlobalSection
	GlobalSection(SolutionProperties) = preSolution
		HideSolutionNode = FALSE
	EndGlobalSection
	GlobalSection(ExtensibilityGlobals) = postSolution
		SolutionGuid = {DE4DCC3B-91AA-430B-9C9B-D543BA90DE42}
	EndGlobalSection
EndGlobal
